
Microsoft Visual Studio Solution File, Format Version 12.00
# Visual Studio Version 17
VisualStudioVersion = 17.8.34322.80
MinimumVisualStudioVersion = 10.0.40219.1
Project("{9A19103F-16F7-4668-BE54-9A1E7A4F7556}") = "Grupp5Game", "Grupp5Game.csproj", "{3387FC01-B89F-4B3D-9C59-32469A131BFE}"
EndProject
Global
	GlobalSection(SolutionConfigurationPlatforms) = preSolution
		Debug|Any CPU = Debug|Any CPU
		Release|Any CPU = Release|Any CPU
	EndGlobalSection
	GlobalSection(ProjectConfigurationPlatforms) = postSolution
		{3387FC01-B89F-4B3D-9C59-32469A131BFE}.Debug|Any CPU.ActiveCfg = Debug|Any CPU
		{3387FC01-B89F-4B3D-9C59-32469A131BFE}.Debug|Any CPU.Build.0 = Debug|Any CPU
		{3387FC01-B89F-4B3D-9C59-32469A131BFE}.Release|Any CPU.ActiveCfg = Release|Any CPU
		{3387FC01-B89F-4B3D-9C59-32469A131BFE}.Release|Any CPU.Build.0 = Release|Any CPU
	EndGlobalSection
	GlobalSection(SolutionProperties) = preSolution
		HideSolutionNode = FALSE
	EndGlobalSection
	GlobalSection(ExtensibilityGlobals) = postSolution
		SolutionGuid = {F288CE51-3AE3-4262-BF65-4CB59CC9D3BB}
	EndGlobalSection
EndGlobal
